
Microsoft Visual Studio Solution File, Format Version 12.00
# Visual Studio 15
VisualStudioVersion = 15.0.26730.12
MinimumVisualStudioVersion = 10.0.40219.1
Project("{FAE04EC0-301F-11D3-BF4B-00C04F79EFBC}") = "SchoolLibrary", "SchoolLibrary\SchoolLibrary.csproj", "{8A33137A-D618-49C6-BBF7-ABC52524AACC}"
EndProject
Project("{FAE04EC0-301F-11D3-BF4B-00C04F79EFBC}") = "SchoolFormsApp", "SchoolFormsApp\SchoolFormsApp.csproj", "{D7CD94F8-1EB3-4A37-8FD2-C9E5D68F0C52}"
EndProject
Global
	GlobalSection(SolutionConfigurationPlatforms) = preSolution
		Debug|Any CPU = Debug|Any CPU
		Release|Any CPU = Release|Any CPU
	EndGlobalSection
	GlobalSection(ProjectConfigurationPlatforms) = postSolution
		{8A33137A-D618-49C6-BBF7-ABC52524AACC}.Debug|Any CPU.ActiveCfg = Debug|Any CPU
		{8A33137A-D618-49C6-BBF7-ABC52524AACC}.Debug|Any CPU.Build.0 = Debug|Any CPU
		{8A33137A-D618-49C6-BBF7-ABC52524AACC}.Release|Any CPU.ActiveCfg = Release|Any CPU
		{8A33137A-D618-49C6-BBF7-ABC52524AACC}.Release|Any CPU.Build.0 = Release|Any CPU
		{D7CD94F8-1EB3-4A37-8FD2-C9E5D68F0C52}.Debug|Any CPU.ActiveCfg = Debug|Any CPU
		{D7CD94F8-1EB3-4A37-8FD2-C9E5D68F0C52}.Debug|Any CPU.Build.0 = Debug|Any CPU
		{D7CD94F8-1EB3-4A37-8FD2-C9E5D68F0C52}.Release|Any CPU.ActiveCfg = Release|Any CPU
		{D7CD94F8-1EB3-4A37-8FD2-C9E5D68F0C52}.Release|Any CPU.Build.0 = Release|Any CPU
	EndGlobalSection
	GlobalSection(SolutionProperties) = preSolution
		HideSolutionNode = FALSE
	EndGlobalSection
	GlobalSection(ExtensibilityGlobals) = postSolution
		SolutionGuid = {0899F809-21C7-49CE-BFE9-DF210E67DBA4}
	EndGlobalSection
EndGlobal
